
Microsoft Visual Studio Solution File, Format Version 12.00
# Visual Studio Version 16
VisualStudioVersion = 16.0.30114.105
MinimumVisualStudioVersion = 10.0.40219.1
Project("{9A19103F-16F7-4668-BE54-9A1E7A4F7556}") = "DemoQA", "DemoQA\DemoQA.csproj", "{4D1F6993-2500-4391-A6DB-BF1B2C52B558}"
EndProject
Global
	GlobalSection(SolutionConfigurationPlatforms) = preSolution
		Debug|Any CPU = Debug|Any CPU
		Release|Any CPU = Release|Any CPU
	EndGlobalSection
	GlobalSection(ProjectConfigurationPlatforms) = postSolution
		{4D1F6993-2500-4391-A6DB-BF1B2C52B558}.Debug|Any CPU.ActiveCfg = Debug|Any CPU
		{4D1F6993-2500-4391-A6DB-BF1B2C52B558}.Debug|Any CPU.Build.0 = Debug|Any CPU
		{4D1F6993-2500-4391-A6DB-BF1B2C52B558}.Release|Any CPU.ActiveCfg = Release|Any CPU
		{4D1F6993-2500-4391-A6DB-BF1B2C52B558}.Release|Any CPU.Build.0 = Release|Any CPU
	EndGlobalSection
	GlobalSection(SolutionProperties) = preSolution
		HideSolutionNode = FALSE
	EndGlobalSection
	GlobalSection(ExtensibilityGlobals) = postSolution
		SolutionGuid = {46537F4C-F04C-4851-865E-02823339F46A}
	EndGlobalSection
EndGlobal
